<Solution>
  <Project Path="Collections/Collections.csproj" Id="a4072945-57fc-4905-bfe8-a59d213e0f77" />
  <Project Path="HotelManagementSystem/HotelManagementSystem.csproj" Id="520b7037-ab20-4c3d-a6b8-c6ac7f0a0a1d" />
  <Project Path="Library Management System/Library Management System.csproj" Id="b63defa1-f6ae-408a-a1c3-926d13665a3f" />
  <Project Path="Listpractice/Listpractice.csproj" Id="88fc81b8-90fd-4380-9776-c49a6d8c3e70" />
  <Project Path="Project 1/Project 1.csproj" />
</Solution>
